
Microsoft Visual Studio Solution File, Format Version 12.00
# Visual Studio 15
VisualStudioVersion = 15.0.26228.9
MinimumVisualStudioVersion = 10.0.40219.1
Project("{FAE04EC0-301F-11D3-BF4B-00C04F79EFBC}") = "StructureMapPoC", "StructureMapPoC\StructureMapPoC.csproj", "{DB2ED0AA-497F-4C6C-897E-5A6350D82537}"
EndProject
Project("{FAE04EC0-301F-11D3-BF4B-00C04F79EFBC}") = "StructureMapPoC.Tests", "StructureMapPoC.Tests\StructureMapPoC.Tests.csproj", "{2C59F4AC-5C21-4F8F-8175-C56A6CE288E9}"
EndProject
Global
	GlobalSection(SolutionConfigurationPlatforms) = preSolution
		Debug|Any CPU = Debug|Any CPU
		Release|Any CPU = Release|Any CPU
	EndGlobalSection
	GlobalSection(ProjectConfigurationPlatforms) = postSolution
		{DB2ED0AA-497F-4C6C-897E-5A6350D82537}.Debug|Any CPU.ActiveCfg = Debug|Any CPU
		{DB2ED0AA-497F-4C6C-897E-5A6350D82537}.Debug|Any CPU.Build.0 = Debug|Any CPU
		{DB2ED0AA-497F-4C6C-897E-5A6350D82537}.Release|Any CPU.ActiveCfg = Release|Any CPU
		{DB2ED0AA-497F-4C6C-897E-5A6350D82537}.Release|Any CPU.Build.0 = Release|Any CPU
		{2C59F4AC-5C21-4F8F-8175-C56A6CE288E9}.Debug|Any CPU.ActiveCfg = Debug|Any CPU
		{2C59F4AC-5C21-4F8F-8175-C56A6CE288E9}.Debug|Any CPU.Build.0 = Debug|Any CPU
		{2C59F4AC-5C21-4F8F-8175-C56A6CE288E9}.Release|Any CPU.ActiveCfg = Release|Any CPU
		{2C59F4AC-5C21-4F8F-8175-C56A6CE288E9}.Release|Any CPU.Build.0 = Release|Any CPU
	EndGlobalSection
	GlobalSection(SolutionProperties) = preSolution
		HideSolutionNode = FALSE
	EndGlobalSection
EndGlobal
